
Microsoft Visual Studio Solution File, Format Version 12.00
# Visual Studio Version 16
VisualStudioVersion = 16.0.30907.101
MinimumVisualStudioVersion = 10.0.40219.1
Project("{9A19103F-16F7-4668-BE54-9A1E7A4F7556}") = "SomethingMVC", "SomethingMVC\SomethingMVC.csproj", "{FBBF3D08-BFCC-49CA-9963-48FA8FEF4FE2}"
EndProject
Global
	GlobalSection(SolutionConfigurationPlatforms) = preSolution
		Debug|Any CPU = Debug|Any CPU
		Release|Any CPU = Release|Any CPU
	EndGlobalSection
	GlobalSection(ProjectConfigurationPlatforms) = postSolution
		{FBBF3D08-BFCC-49CA-9963-48FA8FEF4FE2}.Debug|Any CPU.ActiveCfg = Debug|Any CPU
		{FBBF3D08-BFCC-49CA-9963-48FA8FEF4FE2}.Debug|Any CPU.Build.0 = Debug|Any CPU
		{FBBF3D08-BFCC-49CA-9963-48FA8FEF4FE2}.Release|Any CPU.ActiveCfg = Release|Any CPU
		{FBBF3D08-BFCC-49CA-9963-48FA8FEF4FE2}.Release|Any CPU.Build.0 = Release|Any CPU
	EndGlobalSection
	GlobalSection(SolutionProperties) = preSolution
		HideSolutionNode = FALSE
	EndGlobalSection
	GlobalSection(ExtensibilityGlobals) = postSolution
		SolutionGuid = {8285E5AA-EBA6-4F1E-9EBB-6844144795C5}
	EndGlobalSection
EndGlobal
